// !$*UTF8*$!
{
	archiveVersion = 1;
	classes = {
	};
	objectVersion = 46;
	objects = {

/* Begin PBXBuildFile section */
		29E533B51AFA70EE003DF436 /* AppDelegate.swift in Sources */ = {isa = PBXBuildFile; fileRef = 29E533B41AFA70EE003DF436 /* AppDelegate.swift */; };
		29E533B71AFA70EE003DF436 /* ViewController.swift in Sources */ = {isa = PBXBuildFile; fileRef = 29E533B61AFA70EE003DF436 /* ViewController.swift */; };
		29E533BA1AFA70EE003DF436 /* Main.storyboard in Resources */ = {isa = PBXBuildFile; fileRef = 29E533B81AFA70EE003DF436 /* Main.storyboard */; };
		29E533BC1AFA70EE003DF436 /* Images.xcassets in Resources */ = {isa = PBXBuildFile; fileRef = 29E533BB1AFA70EE003DF436 /* Images.xcassets */; };
		29E533BF1AFA70EE003DF436 /* LaunchScreen.xib in Resources */ = {isa = PBXBuildFile; fileRef = 29E533BD1AFA70EE003DF436 /* LaunchScreen.xib */; };
		29E533CB1AFA70EE003DF436 /* Photo_Search_AppTests.swift in Sources */ = {isa = PBXBuildFile; fileRef = 29E533CA1AFA70EE003DF436 /* Photo_Search_AppTests.swift */; };
		29E533E81AFA7113003DF436 /* AFHTTPRequestOperation.m in Sources */ = {isa = PBXBuildFile; fileRef = 29E533D61AFA7113003DF436 /* AFHTTPRequestOperation.m */; };
		29E533E91AFA7113003DF436 /* AFHTTPRequestOperationManager.m in Sources */ = {isa = PBXBuildFile; fileRef = 29E533D81AFA7113003DF436 /* AFHTTPRequestOperationManager.m */; };
		29E533EA1AFA7113003DF436 /* AFHTTPSessionManager.m in Sources */ = {isa = PBXBuildFile; fileRef = 29E533DA1AFA7113003DF436 /* AFHTTPSessionManager.m */; };
		29E533EB1AFA7113003DF436 /* AFNetworkReachabilityManager.m in Sources */ = {isa = PBXBuildFile; fileRef = 29E533DD1AFA7113003DF436 /* AFNetworkReachabilityManager.m */; };
		29E533EC1AFA7113003DF436 /* AFSecurityPolicy.m in Sources */ = {isa = PBXBuildFile; fileRef = 29E533DF1AFA7113003DF436 /* AFSecurityPolicy.m */; };
		29E533ED1AFA7113003DF436 /* AFURLConnectionOperation.m in Sources */ = {isa = PBXBuildFile; fileRef = 29E533E11AFA7113003DF436 /* AFURLConnectionOperation.m */; };
		29E533EE1AFA7113003DF436 /* AFURLRequestSerialization.m in Sources */ = {isa = PBXBuildFile; fileRef = 29E533E31AFA7113003DF436 /* AFURLRequestSerialization.m */; };
		29E533EF1AFA7113003DF436 /* AFURLResponseSerialization.m in Sources */ = {isa = PBXBuildFile; fileRef = 29E533E51AFA7113003DF436 /* AFURLResponseSerialization.m */; };
		29E533F01AFA7113003DF436 /* AFURLSessionManager.m in Sources */ = {isa = PBXBuildFile; fileRef = 29E533E71AFA7113003DF436 /* AFURLSessionManager.m */; };
		29E534051AFA8088003DF436 /* AFNetworkActivityIndicatorManager.m in Sources */ = {isa = PBXBuildFile; fileRef = 29E533F51AFA8088003DF436 /* AFNetworkActivityIndicatorManager.m */; };
		29E534061AFA8088003DF436 /* UIActivityIndicatorView+AFNetworking.m in Sources */ = {isa = PBXBuildFile; fileRef = 29E533F71AFA8088003DF436 /* UIActivityIndicatorView+AFNetworking.m */; };
		29E534071AFA8088003DF436 /* UIAlertView+AFNetworking.m in Sources */ = {isa = PBXBuildFile; fileRef = 29E533F91AFA8088003DF436 /* UIAlertView+AFNetworking.m */; };
		29E534081AFA8088003DF436 /* UIButton+AFNetworking.m in Sources */ = {isa = PBXBuildFile; fileRef = 29E533FB1AFA8088003DF436 /* UIButton+AFNetworking.m */; };
		29E534091AFA8088003DF436 /* UIImageView+AFNetworking.m in Sources */ = {isa = PBXBuildFile; fileRef = 29E533FD1AFA8088003DF436 /* UIImageView+AFNetworking.m */; };
		29E5340A1AFA8088003DF436 /* UIProgressView+AFNetworking.m in Sources */ = {isa = PBXBuildFile; fileRef = 29E534001AFA8088003DF436 /* UIProgressView+AFNetworking.m */; };
		29E5340B1AFA8088003DF436 /* UIRefreshControl+AFNetworking.m in Sources */ = {isa = PBXBuildFile; fileRef = 29E534021AFA8088003DF436 /* UIRefreshControl+AFNetworking.m */; };
		29E5340C1AFA8088003DF436 /* UIWebView+AFNetworking.m in Sources */ = {isa = PBXBuildFile; fileRef = 29E534041AFA8088003DF436 /* UIWebView+AFNetworking.m */; };
/* End PBXBuildFile section */

/* Begin PBXContainerItemProxy section */
		29E533C51AFA70EE003DF436 /* PBXContainerItemProxy */ = {
			isa = PBXContainerItemProxy;
			containerPortal = 29E533A71AFA70EE003DF436 /* Project object */;
			proxyType = 1;
			remoteGlobalIDString = 29E533AE1AFA70EE003DF436;
			remoteInfo = "Photo Search App";
		};
/* End PBXContainerItemProxy section */

/* Begin PBXFileReference section */
		29E533AF1AFA70EE003DF436 /* Photo Search App.app */ = {isa = PBXFileReference; explicitFileType = wrapper.application; includeInIndex = 0; path = "Photo Search App.app"; sourceTree = BUILT_PRODUCTS_DIR; };
		29E533B31AFA70EE003DF436 /* Info.plist */ = {isa = PBXFileReference; lastKnownFileType = text.plist.xml; path = Info.plist; sourceTree = "<group>"; };
		29E533B41AFA70EE003DF436 /* AppDelegate.swift */ = {isa = PBXFileReference; lastKnownFileType = sourcecode.swift; path = AppDelegate.swift; sourceTree = "<group>"; };
		29E533B61AFA70EE003DF436 /* ViewController.swift */ = {isa = PBXFileReference; lastKnownFileType = sourcecode.swift; path = ViewController.swift; sourceTree = "<group>"; };
		29E533B91AFA70EE003DF436 /* Base */ = {isa = PBXFileReference; lastKnownFileType = file.storyboard; name = Base; path = Base.lproj/Main.storyboard; sourceTree = "<group>"; };
		29E533BB1AFA70EE003DF436 /* Images.xcassets */ = {isa = PBXFileReference; lastKnownFileType = folder.assetcatalog; path = Images.xcassets; sourceTree = "<group>"; };
		29E533BE1AFA70EE003DF436 /* Base */ = {isa = PBXFileReference; lastKnownFileType = file.xib; name = Base; path = Base.lproj/LaunchScreen.xib; sourceTree = "<group>"; };
		29E533C41AFA70EE003DF436 /* Photo Search AppTests.xctest */ = {isa = PBXFileReference; explicitFileType = wrapper.cfbundle; includeInIndex = 0; path = "Photo Search AppTests.xctest"; sourceTree = BUILT_PRODUCTS_DIR; };
		29E533C91AFA70EE003DF436 /* Info.plist */ = {isa = PBXFileReference; lastKnownFileType = text.plist.xml; path = Info.plist; sourceTree = "<group>"; };
		29E533CA1AFA70EE003DF436 /* Photo_Search_AppTests.swift */ = {isa = PBXFileReference; lastKnownFileType = sourcecode.swift; path = Photo_Search_AppTests.swift; sourceTree = "<group>"; };
		29E533D51AFA7113003DF436 /* AFHTTPRequestOperation.h */ = {isa = PBXFileReference; fileEncoding = 4; lastKnownFileType = sourcecode.c.h; path = AFHTTPRequestOperation.h; sourceTree = "<group>"; };
		29E533D61AFA7113003DF436 /* AFHTTPRequestOperation.m */ = {isa = PBXFileReference; fileEncoding = 4; lastKnownFileType = sourcecode.c.objc; path = AFHTTPRequestOperation.m; sourceTree = "<group>"; };
		29E533D71AFA7113003DF436 /* AFHTTPRequestOperationManager.h */ = {isa = PBXFileReference; fileEncoding = 4; lastKnownFileType = sourcecode.c.h; path = AFHTTPRequestOperationManager.h; sourceTree = "<group>"; };
		29E533D81AFA7113003DF436 /* AFHTTPRequestOperationManager.m */ = {isa = PBXFileReference; fileEncoding = 4; lastKnownFileType = sourcecode.c.objc; path = AFHTTPRequestOperationManager.m; sourceTree = "<group>"; };
		29E533D91AFA7113003DF436 /* AFHTTPSessionManager.h */ = {isa = PBXFileReference; fileEncoding = 4; lastKnownFileType = sourcecode.c.h; path = AFHTTPSessionManager.h; sourceTree = "<group>"; };
		29E533DA1AFA7113003DF436 /* AFHTTPSessionManager.m */ = {isa = PBXFileReference; fileEncoding = 4; lastKnownFileType = sourcecode.c.objc; path = AFHTTPSessionManager.m; sourceTree = "<group>"; };
		29E533DB1AFA7113003DF436 /* AFNetworking.h */ = {isa = PBXFileReference; fileEncoding = 4; lastKnownFileType = sourcecode.c.h; path = AFNetworking.h; sourceTree = "<group>"; };
		29E533DC1AFA7113003DF436 /* AFNetworkReachabilityManager.h */ = {isa = PBXFileReference; fileEncoding = 4; lastKnownFileType = sourcecode.c.h; path = AFNetworkReachabilityManager.h; sourceTree = "<group>"; };
		29E533DD1AFA7113003DF436 /* AFNetworkReachabilityManager.m */ = {isa = PBXFileReference; fileEncoding = 4; lastKnownFileType = sourcecode.c.objc; path = AFNetworkReachabilityManager.m; sourceTree = "<group>"; };
		29E533DE1AFA7113003DF436 /* AFSecurityPolicy.h */ = {isa = PBXFileReference; fileEncoding = 4; lastKnownFileType = sourcecode.c.h; path = AFSecurityPolicy.h; sourceTree = "<group>"; };
		29E533DF1AFA7113003DF436 /* AFSecurityPolicy.m */ = {isa = PBXFileReference; fileEncoding = 4; lastKnownFileType = sourcecode.c.objc; path = AFSecurityPolicy.m; sourceTree = "<group>"; };
		29E533E01AFA7113003DF436 /* AFURLConnectionOperation.h */ = {isa = PBXFileReference; fileEncoding = 4; lastKnownFileType = sourcecode.c.h; path = AFURLConnectionOperation.h; sourceTree = "<group>"; };
		29E533E11AFA7113003DF436 /* AFURLConnectionOperation.m */ = {isa = PBXFileReference; fileEncoding = 4; lastKnownFileType = sourcecode.c.objc; path = AFURLConnectionOperation.m; sourceTree = "<group>"; };
		29E533E21AFA7113003DF436 /* AFURLRequestSerialization.h */ = {isa = PBXFileReference; fileEncoding = 4; lastKnownFileType = sourcecode.c.h; path = AFURLRequestSerialization.h; sourceTree = "<group>"; };
		29E533E31AFA7113003DF436 /* AFURLRequestSerialization.m */ = {isa = PBXFileReference; fileEncoding = 4; lastKnownFileType = sourcecode.c.objc; path = AFURLRequestSerialization.m; sourceTree = "<group>"; };
		29E533E41AFA7113003DF436 /* AFURLResponseSerialization.h */ = {isa = PBXFileReference; fileEncoding = 4; lastKnownFileType = sourcecode.c.h; path = AFURLResponseSerialization.h; sourceTree = "<group>"; };
		29E533E51AFA7113003DF436 /* AFURLResponseSerialization.m */ = {isa = PBXFileReference; fileEncoding = 4; lastKnownFileType = sourcecode.c.objc; path = AFURLResponseSerialization.m; sourceTree = "<group>"; };
		29E533E61AFA7113003DF436 /* AFURLSessionManager.h */ = {isa = PBXFileReference; fileEncoding = 4; lastKnownFileType = sourcecode.c.h; path = AFURLSessionManager.h; sourceTree = "<group>"; };
		29E533E71AFA7113003DF436 /* AFURLSessionManager.m */ = {isa = PBXFileReference; fileEncoding = 4; lastKnownFileType = sourcecode.c.objc; path = AFURLSessionManager.m; sourceTree = "<group>"; };
		29E533F21AFA7199003DF436 /* bridge.h */ = {isa = PBXFileReference; fileEncoding = 4; lastKnownFileType = sourcecode.c.h; path = bridge.h; sourceTree = "<group>"; };
		29E533F41AFA8088003DF436 /* AFNetworkActivityIndicatorManager.h */ = {isa = PBXFileReference; fileEncoding = 4; lastKnownFileType = sourcecode.c.h; path = AFNetworkActivityIndicatorManager.h; sourceTree = "<group>"; };
		29E533F51AFA8088003DF436 /* AFNetworkActivityIndicatorManager.m */ = {isa = PBXFileReference; fileEncoding = 4; lastKnownFileType = sourcecode.c.objc; path = AFNetworkActivityIndicatorManager.m; sourceTree = "<group>"; };
		29E533F61AFA8088003DF436 /* UIActivityIndicatorView+AFNetworking.h */ = {isa = PBXFileReference; fileEncoding = 4; lastKnownFileType = sourcecode.c.h; path = "UIActivityIndicatorView+AFNetworking.h"; sourceTree = "<group>"; };
		29E533F71AFA8088003DF436 /* UIActivityIndicatorView+AFNetworking.m */ = {isa = PBXFileReference; fileEncoding = 4; lastKnownFileType = sourcecode.c.objc; path = "UIActivityIndicatorView+AFNetworking.m"; sourceTree = "<group>"; };
		29E533F81AFA8088003DF436 /* UIAlertView+AFNetworking.h */ = {isa = PBXFileReference; fileEncoding = 4; lastKnownFileType = sourcecode.c.h; path = "UIAlertView+AFNetworking.h"; sourceTree = "<group>"; };
		29E533F91AFA8088003DF436 /* UIAlertView+AFNetworking.m */ = {isa = PBXFileReference; fileEncoding = 4; lastKnownFileType = sourcecode.c.objc; path = "UIAlertView+AFNetworking.m"; sourceTree = "<group>"; };
		29E533FA1AFA8088003DF436 /* UIButton+AFNetworking.h */ = {isa = PBXFileReference; fileEncoding = 4; lastKnownFileType = sourcecode.c.h; path = "UIButton+AFNetworking.h"; sourceTree = "<group>"; };
		29E533FB1AFA8088003DF436 /* UIButton+AFNetworking.m */ = {isa = PBXFileReference; fileEncoding = 4; lastKnownFileType = sourcecode.c.objc; path = "UIButton+AFNetworking.m"; sourceTree = "<group>"; };
		29E533FC1AFA8088003DF436 /* UIImageView+AFNetworking.h */ = {isa = PBXFileReference; fileEncoding = 4; lastKnownFileType = sourcecode.c.h; path = "UIImageView+AFNetworking.h"; sourceTree = "<group>"; };
		29E533FD1AFA8088003DF436 /* UIImageView+AFNetworking.m */ = {isa = PBXFileReference; fileEncoding = 4; lastKnownFileType = sourcecode.c.objc; path = "UIImageView+AFNetworking.m"; sourceTree = "<group>"; };
		29E533FE1AFA8088003DF436 /* UIKit+AFNetworking.h */ = {isa = PBXFileReference; fileEncoding = 4; lastKnownFileType = sourcecode.c.h; path = "UIKit+AFNetworking.h"; sourceTree = "<group>"; };
		29E533FF1AFA8088003DF436 /* UIProgressView+AFNetworking.h */ = {isa = PBXFileReference; fileEncoding = 4; lastKnownFileType = sourcecode.c.h; path = "UIProgressView+AFNetworking.h"; sourceTree = "<group>"; };
		29E534001AFA8088003DF436 /* UIProgressView+AFNetworking.m */ = {isa = PBXFileReference; fileEncoding = 4; lastKnownFileType = sourcecode.c.objc; path = "UIProgressView+AFNetworking.m"; sourceTree = "<group>"; };
		29E534011AFA8088003DF436 /* UIRefreshControl+AFNetworking.h */ = {isa = PBXFileReference; fileEncoding = 4; lastKnownFileType = sourcecode.c.h; path = "UIRefreshControl+AFNetworking.h"; sourceTree = "<group>"; };
		29E534021AFA8088003DF436 /* UIRefreshControl+AFNetworking.m */ = {isa = PBXFileReference; fileEncoding = 4; lastKnownFileType = sourcecode.c.objc; path = "UIRefreshControl+AFNetworking.m"; sourceTree = "<group>"; };
		29E534031AFA8088003DF436 /* UIWebView+AFNetworking.h */ = {isa = PBXFileReference; fileEncoding = 4; lastKnownFileType = sourcecode.c.h; path = "UIWebView+AFNetworking.h"; sourceTree = "<group>"; };
		29E534041AFA8088003DF436 /* UIWebView+AFNetworking.m */ = {isa = PBXFileReference; fileEncoding = 4; lastKnownFileType = sourcecode.c.objc; path = "UIWebView+AFNetworking.m"; sourceTree = "<group>"; };
/* End PBXFileReference section */

/* Begin PBXFrameworksBuildPhase section */
		29E533AC1AFA70EE003DF436 /* Frameworks */ = {
			isa = PBXFrameworksBuildPhase;
			buildActionMask = 2147483647;
			files = (
			);
			runOnlyForDeploymentPostprocessing = 0;
		};
		29E533C11AFA70EE003DF436 /* Frameworks */ = {
			isa = PBXFrameworksBuildPhase;
			buildActionMask = 2147483647;
			files = (
			);
			runOnlyForDeploymentPostprocessing = 0;
		};
/* End PBXFrameworksBuildPhase section */

/* Begin PBXGroup section */
		29E533A61AFA70EE003DF436 = {
			isa = PBXGroup;
			children = (
				29E533F31AFA8088003DF436 /* UIKit+AFNetworking */,
				29E533F21AFA7199003DF436 /* bridge.h */,
				29E533D41AFA7113003DF436 /* AFNetworking */,
				29E533B11AFA70EE003DF436 /* Photo Search App */,
				29E533C71AFA70EE003DF436 /* Photo Search AppTests */,
				29E533B01AFA70EE003DF436 /* Products */,
			);
			sourceTree = "<group>";
		};
		29E533B01AFA70EE003DF436 /* Products */ = {
			isa = PBXGroup;
			children = (
				29E533AF1AFA70EE003DF436 /* Photo Search App.app */,
				29E533C41AFA70EE003DF436 /* Photo Search AppTests.xctest */,
			);
			name = Products;
			sourceTree = "<group>";
		};
		29E533B11AFA70EE003DF436 /* Photo Search App */ = {
			isa = PBXGroup;
			children = (
				29E533B41AFA70EE003DF436 /* AppDelegate.swift */,
				29E533B61AFA70EE003DF436 /* ViewController.swift */,
				29E533B81AFA70EE003DF436 /* Main.storyboard */,
				29E533BB1AFA70EE003DF436 /* Images.xcassets */,
				29E533BD1AFA70EE003DF436 /* LaunchScreen.xib */,
				29E533B21AFA70EE003DF436 /* Supporting Files */,
			);
			path = "Photo Search App";
			sourceTree = "<group>";
		};
		29E533B21AFA70EE003DF436 /* Supporting Files */ = {
			isa = PBXGroup;
			children = (
				29E533B31AFA70EE003DF436 /* Info.plist */,
			);
			name = "Supporting Files";
			sourceTree = "<group>";
		};
		29E533C71AFA70EE003DF436 /* Photo Search AppTests */ = {
			isa = PBXGroup;
			children = (
				29E533CA1AFA70EE003DF436 /* Photo_Search_AppTests.swift */,
				29E533C81AFA70EE003DF436 /* Supporting Files */,
			);
			path = "Photo Search AppTests";
			sourceTree = "<group>";
		};
		29E533C81AFA70EE003DF436 /* Supporting Files */ = {
			isa = PBXGroup;
			children = (
				29E533C91AFA70EE003DF436 /* Info.plist */,
			);
			name = "Supporting Files";
			sourceTree = "<group>";
		};
		29E533D41AFA7113003DF436 /* AFNetworking */ = {
			isa = PBXGroup;
			children = (
				29E533D51AFA7113003DF436 /* AFHTTPRequestOperation.h */,
				29E533D61AFA7113003DF436 /* AFHTTPRequestOperation.m */,
				29E533D71AFA7113003DF436 /* AFHTTPRequestOperationManager.h */,
				29E533D81AFA7113003DF436 /* AFHTTPRequestOperationManager.m */,
				29E533D91AFA7113003DF436 /* AFHTTPSessionManager.h */,
				29E533DA1AFA7113003DF436 /* AFHTTPSessionManager.m */,
				29E533DB1AFA7113003DF436 /* AFNetworking.h */,
				29E533DC1AFA7113003DF436 /* AFNetworkReachabilityManager.h */,
				29E533DD1AFA7113003DF436 /* AFNetworkReachabilityManager.m */,
				29E533DE1AFA7113003DF436 /* AFSecurityPolicy.h */,
				29E533DF1AFA7113003DF436 /* AFSecurityPolicy.m */,
				29E533E01AFA7113003DF436 /* AFURLConnectionOperation.h */,
				29E533E11AFA7113003DF436 /* AFURLConnectionOperation.m */,
				29E533E21AFA7113003DF436 /* AFURLRequestSerialization.h */,
				29E533E31AFA7113003DF436 /* AFURLRequestSerialization.m */,
				29E533E41AFA7113003DF436 /* AFURLResponseSerialization.h */,
				29E533E51AFA7113003DF436 /* AFURLResponseSerialization.m */,
				29E533E61AFA7113003DF436 /* AFURLSessionManager.h */,
				29E533E71AFA7113003DF436 /* AFURLSessionManager.m */,
			);
			path = AFNetworking;
			sourceTree = "<group>";
		};
		29E533F31AFA8088003DF436 /* UIKit+AFNetworking */ = {
			isa = PBXGroup;
			children = (
				29E533F41AFA8088003DF436 /* AFNetworkActivityIndicatorManager.h */,
				29E533F51AFA8088003DF436 /* AFNetworkActivityIndicatorManager.m */,
				29E533F61AFA8088003DF436 /* UIActivityIndicatorView+AFNetworking.h */,
				29E533F71AFA8088003DF436 /* UIActivityIndicatorView+AFNetworking.m */,
				29E533F81AFA8088003DF436 /* UIAlertView+AFNetworking.h */,
				29E533F91AFA8088003DF436 /* UIAlertView+AFNetworking.m */,
				29E533FA1AFA8088003DF436 /* UIButton+AFNetworking.h */,
				29E533FB1AFA8088003DF436 /* UIButton+AFNetworking.m */,
				29E533FC1AFA8088003DF436 /* UIImageView+AFNetworking.h */,
				29E533FD1AFA8088003DF436 /* UIImageView+AFNetworking.m */,
				29E533FE1AFA8088003DF436 /* UIKit+AFNetworking.h */,
				29E533FF1AFA8088003DF436 /* UIProgressView+AFNetworking.h */,
				29E534001AFA8088003DF436 /* UIProgressView+AFNetworking.m */,
				29E534011AFA8088003DF436 /* UIRefreshControl+AFNetworking.h */,
				29E534021AFA8088003DF436 /* UIRefreshControl+AFNetworking.m */,
				29E534031AFA8088003DF436 /* UIWebView+AFNetworking.h */,
				29E534041AFA8088003DF436 /* UIWebView+AFNetworking.m */,
			);
			path = "UIKit+AFNetworking";
			sourceTree = "<group>";
		};
/* End PBXGroup section */

/* Begin PBXNativeTarget section */
		29E533AE1AFA70EE003DF436 /* Photo Search App */ = {
			isa = PBXNativeTarget;
			buildConfigurationList = 29E533CE1AFA70EE003DF436 /* Build configuration list for PBXNativeTarget "Photo Search App" */;
			buildPhases = (
				29E533AB1AFA70EE003DF436 /* Sources */,
				29E533AC1AFA70EE003DF436 /* Frameworks */,
				29E533AD1AFA70EE003DF436 /* Resources */,
			);
			buildRules = (
			);
			dependencies = (
			);
			name = "Photo Search App";
			productName = "Photo Search App";
			productReference = 29E533AF1AFA70EE003DF436 /* Photo Search App.app */;
			productType = "com.apple.product-type.application";
		};
		29E533C31AFA70EE003DF436 /* Photo Search AppTests */ = {
			isa = PBXNativeTarget;
			buildConfigurationList = 29E533D11AFA70EE003DF436 /* Build configuration list for PBXNativeTarget "Photo Search AppTests" */;
			buildPhases = (
				29E533C01AFA70EE003DF436 /* Sources */,
				29E533C11AFA70EE003DF436 /* Frameworks */,
				29E533C21AFA70EE003DF436 /* Resources */,
			);
			buildRules = (
			);
			dependencies = (
				29E533C61AFA70EE003DF436 /* PBXTargetDependency */,
			);
			name = "Photo Search AppTests";
			productName = "Photo Search AppTests";
			productReference = 29E533C41AFA70EE003DF436 /* Photo Search AppTests.xctest */;
			productType = "com.apple.product-type.bundle.unit-test";
		};
/* End PBXNativeTarget section */

/* Begin PBXProject section */
		29E533A71AFA70EE003DF436 /* Project object */ = {
			isa = PBXProject;
			attributes = {
				LastUpgradeCheck = 0620;
				ORGANIZATIONNAME = "Marius Mukunzi";
				TargetAttributes = {
					29E533AE1AFA70EE003DF436 = {
						CreatedOnToolsVersion = 6.2;
					};
					29E533C31AFA70EE003DF436 = {
						CreatedOnToolsVersion = 6.2;
						TestTargetID = 29E533AE1AFA70EE003DF436;
					};
				};
			};
			buildConfigurationList = 29E533AA1AFA70EE003DF436 /* Build configuration list for PBXProject "Photo Search App" */;
			compatibilityVersion = "Xcode 3.2";
			developmentRegion = English;
			hasScannedForEncodings = 0;
			knownRegions = (
				en,
				Base,
			);
			mainGroup = 29E533A61AFA70EE003DF436;
			productRefGroup = 29E533B01AFA70EE003DF436 /* Products */;
			projectDirPath = "";
			projectRoot = "";
			targets = (
				29E533AE1AFA70EE003DF436 /* Photo Search App */,
				29E533C31AFA70EE003DF436 /* Photo Search AppTests */,
			);
		};
/* End PBXProject section */

/* Begin PBXResourcesBuildPhase section */
		29E533AD1AFA70EE003DF436 /* Resources */ = {
			isa = PBXResourcesBuildPhase;
			buildActionMask = 2147483647;
			files = (
				29E533BA1AFA70EE003DF436 /* Main.storyboard in Resources */,
				29E533BF1AFA70EE003DF436 /* LaunchScreen.xib in Resources */,
				29E533BC1AFA70EE003DF436 /* Images.xcassets in Resources */,
			);
			runOnlyForDeploymentPostprocessing = 0;
		};
		29E533C21AFA70EE003DF436 /* Resources */ = {
			isa = PBXResourcesBuildPhase;
			buildActionMask = 2147483647;
			files = (
			);
			runOnlyForDeploymentPostprocessing = 0;
		};
/* End PBXResourcesBuildPhase section */

/* Begin PBXSourcesBuildPhase section */
		29E533AB1AFA70EE003DF436 /* Sources */ = {
			isa = PBXSourcesBuildPhase;
			buildActionMask = 2147483647;
			files = (
				29E533EE1AFA7113003DF436 /* AFURLRequestSerialization.m in Sources */,
				29E533ED1AFA7113003DF436 /* AFURLConnectionOperation.m in Sources */,
				29E534071AFA8088003DF436 /* UIAlertView+AFNetworking.m in Sources */,
				29E533EC1AFA7113003DF436 /* AFSecurityPolicy.m in Sources */,
				29E533E81AFA7113003DF436 /* AFHTTPRequestOperation.m in Sources */,
				29E533F01AFA7113003DF436 /* AFURLSessionManager.m in Sources */,
				29E533EF1AFA7113003DF436 /* AFURLResponseSerialization.m in Sources */,
				29E533B71AFA70EE003DF436 /* ViewController.swift in Sources */,
				29E5340A1AFA8088003DF436 /* UIProgressView+AFNetworking.m in Sources */,
				29E533EA1AFA7113003DF436 /* AFHTTPSessionManager.m in Sources */,
				29E534051AFA8088003DF436 /* AFNetworkActivityIndicatorManager.m in Sources */,
				29E533E91AFA7113003DF436 /* AFHTTPRequestOperationManager.m in Sources */,
				29E534091AFA8088003DF436 /* UIImageView+AFNetworking.m in Sources */,
				29E534081AFA8088003DF436 /* UIButton+AFNetworking.m in Sources */,
				29E5340B1AFA8088003DF436 /* UIRefreshControl+AFNetworking.m in Sources */,
				29E5340C1AFA8088003DF436 /* UIWebView+AFNetworking.m in Sources */,
				29E533EB1AFA7113003DF436 /* AFNetworkReachabilityManager.m in Sources */,
				29E533B51AFA70EE003DF436 /* AppDelegate.swift in Sources */,
				29E534061AFA8088003DF436 /* UIActivityIndicatorView+AFNetworking.m in Sources */,
			);
			runOnlyForDeploymentPostprocessing = 0;
		};
		29E533C01AFA70EE003DF436 /* Sources */ = {
			isa = PBXSourcesBuildPhase;
			buildActionMask = 2147483647;
			files = (
				29E533CB1AFA70EE003DF436 /* Photo_Search_AppTests.swift in Sources */,
			);
			runOnlyForDeploymentPostprocessing = 0;
		};
/* End PBXSourcesBuildPhase section */

/* Begin PBXTargetDependency section */
		29E533C61AFA70EE003DF436 /* PBXTargetDependency */ = {
			isa = PBXTargetDependency;
			target = 29E533AE1AFA70EE003DF436 /* Photo Search App */;
			targetProxy = 29E533C51AFA70EE003DF436 /* PBXContainerItemProxy */;
		};
/* End PBXTargetDependency section */

/* Begin PBXVariantGroup section */
		29E533B81AFA70EE003DF436 /* Main.storyboard */ = {
			isa = PBXVariantGroup;
			children = (
				29E533B91AFA70EE003DF436 /* Base */,
			);
			name = Main.storyboard;
			sourceTree = "<group>";
		};
		29E533BD1AFA70EE003DF436 /* LaunchScreen.xib */ = {
			isa = PBXVariantGroup;
			children = (
				29E533BE1AFA70EE003DF436 /* Base */,
			);
			name = LaunchScreen.xib;
			sourceTree = "<group>";
		};
/* End PBXVariantGroup section */

/* Begin XCBuildConfiguration section */
		29E533CC1AFA70EE003DF436 /* Debug */ = {
			isa = XCBuildConfiguration;
			buildSettings = {
				ALWAYS_SEARCH_USER_PATHS = NO;
				CLANG_CXX_LANGUAGE_STANDARD = "gnu++0x";
				CLANG_CXX_LIBRARY = "libc++";
				CLANG_ENABLE_MODULES = YES;
				CLANG_ENABLE_OBJC_ARC = YES;
				CLANG_WARN_BOOL_CONVERSION = YES;
				CLANG_WARN_CONSTANT_CONVERSION = YES;
				CLANG_WARN_DIRECT_OBJC_ISA_USAGE = YES_ERROR;
				CLANG_WARN_EMPTY_BODY = YES;
				CLANG_WARN_ENUM_CONVERSION = YES;
				CLANG_WARN_INT_CONVERSION = YES;
				CLANG_WARN_OBJC_ROOT_CLASS = YES_ERROR;
				CLANG_WARN_UNREACHABLE_CODE = YES;
				CLANG_WARN__DUPLICATE_METHOD_MATCH = YES;
				"CODE_SIGN_IDENTITY[sdk=iphoneos*]" = "iPhone Developer";
				COPY_PHASE_STRIP = NO;
				ENABLE_STRICT_OBJC_MSGSEND = YES;
				GCC_C_LANGUAGE_STANDARD = gnu99;
				GCC_DYNAMIC_NO_PIC = NO;
				GCC_OPTIMIZATION_LEVEL = 0;
				GCC_PREPROCESSOR_DEFINITIONS = (
					"DEBUG=1",
					"$(inherited)",
				);
				GCC_SYMBOLS_PRIVATE_EXTERN = NO;
				GCC_WARN_64_TO_32_BIT_CONVERSION = YES;
				GCC_WARN_ABOUT_RETURN_TYPE = YES_ERROR;
				GCC_WARN_UNDECLARED_SELECTOR = YES;
				GCC_WARN_UNINITIALIZED_AUTOS = YES_AGGRESSIVE;
				GCC_WARN_UNUSED_FUNCTION = YES;
				GCC_WARN_UNUSED_VARIABLE = YES;
				IPHONEOS_DEPLOYMENT_TARGET = 8.2;
				MTL_ENABLE_DEBUG_INFO = YES;
				ONLY_ACTIVE_ARCH = YES;
				SDKROOT = iphoneos;
				SWIFT_OPTIMIZATION_LEVEL = "-Onone";
			};
			name = Debug;
		};
		29E533CD1AFA70EE003DF436 /* Release */ = {
			isa = XCBuildConfiguration;
			buildSettings = {
				ALWAYS_SEARCH_USER_PATHS = NO;
				CLANG_CXX_LANGUAGE_STANDARD = "gnu++0x";
				CLANG_CXX_LIBRARY = "libc++";
				CLANG_ENABLE_MODULES = YES;
				CLANG_ENABLE_OBJC_ARC = YES;
				CLANG_WARN_BOOL_CONVERSION = YES;
				CLANG_WARN_CONSTANT_CONVERSION = YES;
				CLANG_WARN_DIRECT_OBJC_ISA_USAGE = YES_ERROR;
				CLANG_WARN_EMPTY_BODY = YES;
				CLANG_WARN_ENUM_CONVERSION = YES;
				CLANG_WARN_INT_CONVERSION = YES;
				CLANG_WARN_OBJC_ROOT_CLASS = YES_ERROR;
				CLANG_WARN_UNREACHABLE_CODE = YES;
				CLANG_WARN__DUPLICATE_METHOD_MATCH = YES;
				"CODE_SIGN_IDENTITY[sdk=iphoneos*]" = "iPhone Developer";
				COPY_PHASE_STRIP = NO;
				ENABLE_NS_ASSERTIONS = NO;
				ENABLE_STRICT_OBJC_MSGSEND = YES;
				GCC_C_LANGUAGE_STANDARD = gnu99;
				GCC_WARN_64_TO_32_BIT_CONVERSION = YES;
				GCC_WARN_ABOUT_RETURN_TYPE = YES_ERROR;
				GCC_WARN_UNDECLARED_SELECTOR = YES;
				GCC_WARN_UNINITIALIZED_AUTOS = YES_AGGRESSIVE;
				GCC_WARN_UNUSED_FUNCTION = YES;
				GCC_WARN_UNUSED_VARIABLE = YES;
				IPHONEOS_DEPLOYMENT_TARGET = 8.2;
				MTL_ENABLE_DEBUG_INFO = NO;
				SDKROOT = iphoneos;
				VALIDATE_PRODUCT = YES;
			};
			name = Release;
		};
		29E533CF1AFA70EE003DF436 /* Debug */ = {
			isa = XCBuildConfiguration;
			buildSettings = {
				ASSETCATALOG_COMPILER_APPICON_NAME = AppIcon;
				DEFINES_MODULE = YES;
				INFOPLIST_FILE = "Photo Search App/Info.plist";
				LD_RUNPATH_SEARCH_PATHS = "$(inherited) @executable_path/Frameworks";
				PRODUCT_NAME = "$(TARGET_NAME)";
				SWIFT_OBJC_BRIDGING_HEADER = bridge.h;
			};
			name = Debug;
		};
		29E533D01AFA70EE003DF436 /* Release */ = {
			isa = XCBuildConfiguration;
			buildSettings = {
				ASSETCATALOG_COMPILER_APPICON_NAME = AppIcon;
				DEFINES_MODULE = YES;
				INFOPLIST_FILE = "Photo Search App/Info.plist";
				LD_RUNPATH_SEARCH_PATHS = "$(inherited) @executable_path/Frameworks";
				PRODUCT_NAME = "$(TARGET_NAME)";
				SWIFT_OBJC_BRIDGING_HEADER = bridge.h;
			};
			name = Release;
		};
		29E533D21AFA70EE003DF436 /* Debug */ = {
			isa = XCBuildConfiguration;
			buildSettings = {
				BUNDLE_LOADER = "$(TEST_HOST)";
				FRAMEWORK_SEARCH_PATHS = (
					"$(SDKROOT)/Developer/Library/Frameworks",
					"$(inherited)",
				);
				GCC_PREPROCESSOR_DEFINITIONS = (
					"DEBUG=1",
					"$(inherited)",
				);
				INFOPLIST_FILE = "Photo Search AppTests/Info.plist";
				LD_RUNPATH_SEARCH_PATHS = "$(inherited) @executable_path/Frameworks @loader_path/Frameworks";
				PRODUCT_NAME = "$(TARGET_NAME)";
				TEST_HOST = "$(BUILT_PRODUCTS_DIR)/Photo Search App.app/Photo Search App";
			};
			name = Debug;
		};
		29E533D31AFA70EE003DF436 /* Release */ = {
			isa = XCBuildConfiguration;
			buildSettings = {
				BUNDLE_LOADER = "$(TEST_HOST)";
				FRAMEWORK_SEARCH_PATHS = (
					"$(SDKROOT)/Developer/Library/Frameworks",
					"$(inherited)",
				);
				INFOPLIST_FILE = "Photo Search AppTests/Info.plist";
				LD_RUNPATH_SEARCH_PATHS = "$(inherited) @executable_path/Frameworks @loader_path/Frameworks";
				PRODUCT_NAME = "$(TARGET_NAME)";
				TEST_HOST = "$(BUILT_PRODUCTS_DIR)/Photo Search App.app/Photo Search App";
			};
			name = Release;
		};
/* End XCBuildConfiguration section */

/* Begin XCConfigurationList section */
		29E533AA1AFA70EE003DF436 /* Build configuration list for PBXProject "Photo Search App" */ = {
			isa = XCConfigurationList;
			buildConfigurations = (
				29E533CC1AFA70EE003DF436 /* Debug */,
				29E533CD1AFA70EE003DF436 /* Release */,
			);
			defaultConfigurationIsVisible = 0;
			defaultConfigurationName = Release;
		};
		29E533CE1AFA70EE003DF436 /* Build configuration list for PBXNativeTarget "Photo Search App" */ = {
			isa = XCConfigurationList;
			buildConfigurations = (
				29E533CF1AFA70EE003DF436 /* Debug */,
				29E533D01AFA70EE003DF436 /* Release */,
			);
			defaultConfigurationIsVisible = 0;
		};
		29E533D11AFA70EE003DF436 /* Build configuration list for PBXNativeTarget "Photo Search AppTests" */ = {
			isa = XCConfigurationList;
			buildConfigurations = (
				29E533D21AFA70EE003DF436 /* Debug */,
				29E533D31AFA70EE003DF436 /* Release */,
			);
			defaultConfigurationIsVisible = 0;
		};
/* End XCConfigurationList section */
	};
	rootObject = 29E533A71AFA70EE003DF436 /* Project object */;
}
